
Microsoft Visual Studio Solution File, Format Version 12.00
# Visual Studio Version 17
VisualStudioVersion = 17.5.002.0
MinimumVisualStudioVersion = 10.0.40219.1
Project("{9A19103F-16F7-4668-BE54-9A1E7A4F7556}") = "Webstore MyElectronics", "Webstore-MyElectronics-master\Webstore MyElectronics.csproj", "{A595B3A9-6621-45D3-BC07-846647BDEBCB}"
EndProject
Global
	GlobalSection(SolutionConfigurationPlatforms) = preSolution
		Debug|Any CPU = Debug|Any CPU
		Release|Any CPU = Release|Any CPU
	EndGlobalSection
	GlobalSection(ProjectConfigurationPlatforms) = postSolution
		{A595B3A9-6621-45D3-BC07-846647BDEBCB}.Debug|Any CPU.ActiveCfg = Debug|Any CPU
		{A595B3A9-6621-45D3-BC07-846647BDEBCB}.Debug|Any CPU.Build.0 = Debug|Any CPU
		{A595B3A9-6621-45D3-BC07-846647BDEBCB}.Release|Any CPU.ActiveCfg = Release|Any CPU
		{A595B3A9-6621-45D3-BC07-846647BDEBCB}.Release|Any CPU.Build.0 = Release|Any CPU
	EndGlobalSection
	GlobalSection(SolutionProperties) = preSolution
		HideSolutionNode = FALSE
	EndGlobalSection
	GlobalSection(ExtensibilityGlobals) = postSolution
		SolutionGuid = {9C54282E-7F9B-4C3A-A7B6-E8C08E5C9271}
	EndGlobalSection
EndGlobal
